
Microsoft Visual Studio Solution File, Format Version 12.00
# Visual Studio Version 17
VisualStudioVersion = 17.8.34322.80
MinimumVisualStudioVersion = 10.0.40219.1
Project("{2150E333-8FDC-42A3-9474-1A3956D46DE8}") = "root", "root", "{AB260D86-BA33-4101-988D-7455AFB765CA}"
	ProjectSection(SolutionItems) = preProject
		cloudbuild.yaml = cloudbuild.yaml
		docker-compose.yaml = docker-compose.yaml
		Jenkinsfile = Jenkinsfile
		project.json = project.json
		README.md = README.md
	EndProjectSection
EndProject
Project("{2150E333-8FDC-42A3-9474-1A3956D46DE8}") = "build", "build", "{454D4D3E-8B7F-4F4C-922D-8BAACE0AF60A}"
	ProjectSection(SolutionItems) = preProject
		build\Dockerfile = build\Dockerfile
	EndProjectSection
EndProject
Project("{9A19103F-16F7-4668-BE54-9A1E7A4F7556}") = "Application", "Application\Application.csproj", "{7CC2FF83-9E5A-435D-8CA0-A4738652EA60}"
EndProject
Project("{9A19103F-16F7-4668-BE54-9A1E7A4F7556}") = "Application.UnitTests", "Application.UnitTests\Application.UnitTests.csproj", "{01BA74F4-F858-46B1-AA0B-9D8AF42421FF}"
EndProject
Project("{9A19103F-16F7-4668-BE54-9A1E7A4F7556}") = "Domain", "Domain\Domain.csproj", "{4FA60CEC-C224-424C-AD79-362E9F02345E}"
EndProject
Project("{9A19103F-16F7-4668-BE54-9A1E7A4F7556}") = "Infrastructure", "Infrastructure\Infrastructure.csproj", "{5EABC200-8A44-4A05-8B38-31796004EEED}"
EndProject
Project("{9A19103F-16F7-4668-BE54-9A1E7A4F7556}") = "Infrastructure.UnitTests", "Infrastructure.UnitTests\Infrastructure.UnitTests.csproj", "{94509C0D-34B1-4370-821D-E8950C23D230}"
EndProject
Project("{9A19103F-16F7-4668-BE54-9A1E7A4F7556}") = "WebApi", "WebApi\WebApi.csproj", "{8F9AE43B-3D8D-4E9F-BFED-7334380A18EA}"
EndProject
Project("{9A19103F-16F7-4668-BE54-9A1E7A4F7556}") = "WebApi.IntegrationTests", "WebApi.IntegrationTests\WebApi.IntegrationTests.csproj", "{13E6D6A0-CFB1-4562-A773-3EA05A2D6D65}"
EndProject
Global
	GlobalSection(SolutionConfigurationPlatforms) = preSolution
		Debug|Any CPU = Debug|Any CPU
		Release|Any CPU = Release|Any CPU
	EndGlobalSection
	GlobalSection(ProjectConfigurationPlatforms) = postSolution
		{7CC2FF83-9E5A-435D-8CA0-A4738652EA60}.Debug|Any CPU.ActiveCfg = Debug|Any CPU
		{7CC2FF83-9E5A-435D-8CA0-A4738652EA60}.Debug|Any CPU.Build.0 = Debug|Any CPU
		{7CC2FF83-9E5A-435D-8CA0-A4738652EA60}.Release|Any CPU.ActiveCfg = Release|Any CPU
		{7CC2FF83-9E5A-435D-8CA0-A4738652EA60}.Release|Any CPU.Build.0 = Release|Any CPU
		{01BA74F4-F858-46B1-AA0B-9D8AF42421FF}.Debug|Any CPU.ActiveCfg = Debug|Any CPU
		{01BA74F4-F858-46B1-AA0B-9D8AF42421FF}.Debug|Any CPU.Build.0 = Debug|Any CPU
		{01BA74F4-F858-46B1-AA0B-9D8AF42421FF}.Release|Any CPU.ActiveCfg = Release|Any CPU
		{01BA74F4-F858-46B1-AA0B-9D8AF42421FF}.Release|Any CPU.Build.0 = Release|Any CPU
		{4FA60CEC-C224-424C-AD79-362E9F02345E}.Debug|Any CPU.ActiveCfg = Debug|Any CPU
		{4FA60CEC-C224-424C-AD79-362E9F02345E}.Debug|Any CPU.Build.0 = Debug|Any CPU
		{4FA60CEC-C224-424C-AD79-362E9F02345E}.Release|Any CPU.ActiveCfg = Release|Any CPU
		{4FA60CEC-C224-424C-AD79-362E9F02345E}.Release|Any CPU.Build.0 = Release|Any CPU
		{5EABC200-8A44-4A05-8B38-31796004EEED}.Debug|Any CPU.ActiveCfg = Debug|Any CPU
		{5EABC200-8A44-4A05-8B38-31796004EEED}.Debug|Any CPU.Build.0 = Debug|Any CPU
		{5EABC200-8A44-4A05-8B38-31796004EEED}.Release|Any CPU.ActiveCfg = Release|Any CPU
		{5EABC200-8A44-4A05-8B38-31796004EEED}.Release|Any CPU.Build.0 = Release|Any CPU
		{94509C0D-34B1-4370-821D-E8950C23D230}.Debug|Any CPU.ActiveCfg = Debug|Any CPU
		{94509C0D-34B1-4370-821D-E8950C23D230}.Debug|Any CPU.Build.0 = Debug|Any CPU
		{94509C0D-34B1-4370-821D-E8950C23D230}.Release|Any CPU.ActiveCfg = Release|Any CPU
		{94509C0D-34B1-4370-821D-E8950C23D230}.Release|Any CPU.Build.0 = Release|Any CPU
		{8F9AE43B-3D8D-4E9F-BFED-7334380A18EA}.Debug|Any CPU.ActiveCfg = Debug|Any CPU
		{8F9AE43B-3D8D-4E9F-BFED-7334380A18EA}.Debug|Any CPU.Build.0 = Debug|Any CPU
		{8F9AE43B-3D8D-4E9F-BFED-7334380A18EA}.Release|Any CPU.ActiveCfg = Release|Any CPU
		{8F9AE43B-3D8D-4E9F-BFED-7334380A18EA}.Release|Any CPU.Build.0 = Release|Any CPU
		{13E6D6A0-CFB1-4562-A773-3EA05A2D6D65}.Debug|Any CPU.ActiveCfg = Debug|Any CPU
		{13E6D6A0-CFB1-4562-A773-3EA05A2D6D65}.Debug|Any CPU.Build.0 = Debug|Any CPU
		{13E6D6A0-CFB1-4562-A773-3EA05A2D6D65}.Release|Any CPU.ActiveCfg = Release|Any CPU
		{13E6D6A0-CFB1-4562-A773-3EA05A2D6D65}.Release|Any CPU.Build.0 = Release|Any CPU
	EndGlobalSection
	GlobalSection(SolutionProperties) = preSolution
		HideSolutionNode = FALSE
	EndGlobalSection
	GlobalSection(ExtensibilityGlobals) = postSolution
		SolutionGuid = {5AD3328A-7F40-4E4B-AC64-2F89A488A3A5}
	EndGlobalSection
EndGlobal
